
Microsoft Visual Studio Solution File, Format Version 12.00
# Visual Studio Version 17
VisualStudioVersion = 17.13.35818.85 d17.13
MinimumVisualStudioVersion = 10.0.40219.1
Project("{FAE04EC0-301F-11D3-BF4B-00C04F79EFBC}") = "setvol", "setvol.csproj", "{7122C88A-DAD2-439B-A8CF-178531A7C135}"
EndProject
Global
	GlobalSection(SolutionConfigurationPlatforms) = preSolution
		Debug|Any CPU = Debug|Any CPU
		Release|Any CPU = Release|Any CPU
	EndGlobalSection
	GlobalSection(ProjectConfigurationPlatforms) = postSolution
		{7122C88A-DAD2-439B-A8CF-178531A7C135}.Debug|Any CPU.ActiveCfg = Debug|Any CPU
		{7122C88A-DAD2-439B-A8CF-178531A7C135}.Debug|Any CPU.Build.0 = Debug|Any CPU
		{7122C88A-DAD2-439B-A8CF-178531A7C135}.Release|Any CPU.ActiveCfg = Release|Any CPU
		{7122C88A-DAD2-439B-A8CF-178531A7C135}.Release|Any CPU.Build.0 = Release|Any CPU
	EndGlobalSection
	GlobalSection(SolutionProperties) = preSolution
		HideSolutionNode = FALSE
	EndGlobalSection
	GlobalSection(ExtensibilityGlobals) = postSolution
		SolutionGuid = {692F05B7-B71B-43A5-B954-9F04C744BD6B}
	EndGlobalSection
EndGlobal
